
Microsoft Visual Studio Solution File, Format Version 12.00
# Visual Studio Version 16
VisualStudioVersion = 16.0.31624.102
MinimumVisualStudioVersion = 10.0.40219.1
Project("{FAE04EC0-301F-11D3-BF4B-00C04F79EFBC}") = "EasyMapping", "EasyMapping.csproj", "{358913A1-A6FF-49EC-862A-80792FBA3AC9}"
EndProject
Global
	GlobalSection(SolutionConfigurationPlatforms) = preSolution
		Debug|Any CPU = Debug|Any CPU
		Release|Any CPU = Release|Any CPU
	EndGlobalSection
	GlobalSection(ProjectConfigurationPlatforms) = postSolution
		{358913A1-A6FF-49EC-862A-80792FBA3AC9}.Debug|Any CPU.ActiveCfg = Debug|Any CPU
		{358913A1-A6FF-49EC-862A-80792FBA3AC9}.Debug|Any CPU.Build.0 = Debug|Any CPU
		{358913A1-A6FF-49EC-862A-80792FBA3AC9}.Release|Any CPU.ActiveCfg = Release|Any CPU
		{358913A1-A6FF-49EC-862A-80792FBA3AC9}.Release|Any CPU.Build.0 = Release|Any CPU
	EndGlobalSection
	GlobalSection(SolutionProperties) = preSolution
		HideSolutionNode = FALSE
	EndGlobalSection
	GlobalSection(ExtensibilityGlobals) = postSolution
		SolutionGuid = {E34B1865-BC07-4B39-952F-F663CFF9A020}
	EndGlobalSection
EndGlobal
