
Microsoft Visual Studio Solution File, Format Version 12.00
# Visual Studio Version 16
VisualStudioVersion = 16.0.31624.102
MinimumVisualStudioVersion = 10.0.40219.1
Project("{FAE04EC0-301F-11D3-BF4B-00C04F79EFBC}") = "SmoothValidation", "SmoothValidation.csproj", "{0294F131-D322-43DE-BBC4-9EDC2A82C8DE}"
EndProject
Global
	GlobalSection(SolutionConfigurationPlatforms) = preSolution
		Debug|Any CPU = Debug|Any CPU
		Release|Any CPU = Release|Any CPU
	EndGlobalSection
	GlobalSection(ProjectConfigurationPlatforms) = postSolution
		{0294F131-D322-43DE-BBC4-9EDC2A82C8DE}.Debug|Any CPU.ActiveCfg = Debug|Any CPU
		{0294F131-D322-43DE-BBC4-9EDC2A82C8DE}.Debug|Any CPU.Build.0 = Debug|Any CPU
		{0294F131-D322-43DE-BBC4-9EDC2A82C8DE}.Release|Any CPU.ActiveCfg = Release|Any CPU
		{0294F131-D322-43DE-BBC4-9EDC2A82C8DE}.Release|Any CPU.Build.0 = Release|Any CPU
	EndGlobalSection
	GlobalSection(SolutionProperties) = preSolution
		HideSolutionNode = FALSE
	EndGlobalSection
	GlobalSection(ExtensibilityGlobals) = postSolution
		SolutionGuid = {AC62A6C2-7695-4536-A735-10F1DBFCE58E}
	EndGlobalSection
EndGlobal
